<Solution>
  <Folder Name="/Solution Items/">
    <File Path="PowerShellScripts/Add-Rsat.ps1" />
    <File Path="PowerShellScripts/Invoke-BuildAndDeploy.ps1" />
    <File Path="PowerShellScripts/call_GitSyncRemotes.cmd" />
    <File Path="PowerShellScripts/Clone-GitHubRepo.ps1" />
    <File Path="PowerShellScripts/Clone-AzureDevOpsRepo.ps1" />
    <File Path="PowerShellScripts/ConnectViaRemoteManagement.ps1" />
    <File Path="PowerShellScripts/New-FileExplorerVersionControlEntries.ps1" />
    <File Path="PowerShellScripts/DotNetVersionReleaseKeyMapping.json" />
    <File Path="PowerShellScripts/Get-DotNetVersions.ps1" />
    <File Path="PowerShellScripts/Get-InstalledWindowsVersions.ps1" />
    <File Path="PowerShellScripts/Get-PowerShellWithWindowsUpdate.ps1" />
    <File Path="PowerShellScripts/Invoke-GitCommitLocalBranchesWithChanges.ps1" />
    <File Path="PowerShellScripts/Get-GitLocalBranchesWithChanges.ps1" />
    <File Path="PowerShellScripts/Invoke-GitPullCleanTrees.ps1" />
    <File Path="PowerShellScripts/Invoke-GitPushCleanTrees.ps1" />
    <File Path="PowerShellScripts/Rename-GitMasterToMain.ps1" />
    <File Path="PowerShellScripts/Sync-GitRemotes.ps1" />
    <File Path="PowerShellScripts/iobroker_UpdateHost.ps1" />
    <File Path="PowerShellScripts/iobroker_UpdateNodeJs.ps1" />
    <File Path="PowerShellScripts/Invoke-PortScanner.ps1" />
    <File Path="PowerShellScripts/readme.md" />
    <File Path="PowerShellScripts/RefreshStartmenuTiles.ps1" />
    <File Path="PowerShellScripts/Update-FileContent.ps1" />
    <File Path="PowerShellScripts/Reset-WindowsUpdate.ps1" />
    <File Path="PowerShellScripts/reset_windows_update.txt" />
    <File Path="PowerShellScripts/Set-DotNetSdk.ps1" />
    <File Path="PowerShellScripts/Sync-CarMp3List-Audi.ps1" />
    <File Path="PowerShellScripts/Sync-CarMp3List-Skoda.ps1" />
    <File Path="PowerShellScripts/Sync-Mp3List.ps1" />
    <File Path="PowerShellScripts/Test-SystemProperties.ps1" />
    <File Path="PowerShellScripts/Update-ModernApps.ps1" />
    <File Path="PowerShellScripts/Invoke-WindowsUpdate.ps1" />
    <File Path="PowerShellScripts/winupdatefornano.ps1" />
    <File Path="PowerShellScripts/Add-DefenderExclusions.ps1" />
    <File Path="PowerShellScripts/Analyze-DotNetProjects.ps1" />
    <File Path="PowerShellScripts/Clone-AndSetupRemotes.ps1" />
    <File Path="PowerShellScripts/Invoke-MigrateToSlnx.ps1" />
    <File Path="PowerShellScripts/Update-DotNetSDKs.ps1" />
    <File Path="PowerShellScripts/Update-ProjectMetadata.ps1" />
  </Folder>
  <Project Path="PowerShellScripts/PowerShellScripts.pssproj" Type="f5034706-568f-408a-b7b3-4d38c6db8a32" Id="6cafc0c6-a428-4d30-a9f9-700e829fea51" />
</Solution>
